// !$*UTF8*$!
{
	archiveVersion = 1;
	classes = {
	};
	objectVersion = 77;
	objects = {

/* Begin PBXBuildFile section */
		07B9DA823F7604C292904C1D /* TacXOTests.swift in Sources */ = {isa = PBXBuildFile; fileRef = 6A296CE0A4ACC9C6FEAC0D0C /* TacXOTests.swift */; };
		098EF0E6B06594349566FBD6 /* WinCheckerTests.swift in Sources */ = {isa = PBXBuildFile; fileRef = 35514A8A6C25B66BA4D02E25 /* WinCheckerTests.swift */; };
		16C3CBADC200EC32C843A594 /* SoundManager.swift in Sources */ = {isa = PBXBuildFile; fileRef = 18E76001B409E6A8FEB6C9F7 /* SoundManager.swift */; };
		19EF3C1ABF90D679251E7D77 /* NeighborQuote.swift in Sources */ = {isa = PBXBuildFile; fileRef = FFB1F8ADDEB18FFD387D30A2 /* NeighborQuote.swift */; };
		20B056AAA166C9468D1064EF /* AppLanguage.swift in Sources */ = {isa = PBXBuildFile; fileRef = CBB5A7AC06360F0DA248B836 /* AppLanguage.swift */; };
		2493B3CC066DB2524EB7868C /* PlayView.swift in Sources */ = {isa = PBXBuildFile; fileRef = AA6310856F6ACD8839F5B9DF /* PlayView.swift */; };
		31BBD9D7E257314C43F6F414 /* Localizable.xcstrings in Resources */ = {isa = PBXBuildFile; fileRef = 4E3489B77DE7D0F260049D4A /* Localizable.xcstrings */; };
		398B1644175F33F977A2DC02 /* place.wav in Resources */ = {isa = PBXBuildFile; fileRef = E5B2556E10DD213A76CDE489 /* place.wav */; };
		3D7F29B45C5C615DFE5D360A /* ATTRIBUTIONS.md in Resources */ = {isa = PBXBuildFile; fileRef = 56DBDC0FB9531FF058A35A46 /* ATTRIBUTIONS.md */; };
		4413EBFC36784A20D7B0C2D0 /* NeighborSpeechBubbleView.swift in Sources */ = {isa = PBXBuildFile; fileRef = C200C0B8C871F56CC065A771 /* NeighborSpeechBubbleView.swift */; };
		46D0C3AA185AF748D5A38D9D /* Cell.swift in Sources */ = {isa = PBXBuildFile; fileRef = D9058BD8D870A0DEE3C04EF7 /* Cell.swift */; };
		46E6AB8C166EDA209BC77ACC /* PaperBackgroundView.swift in Sources */ = {isa = PBXBuildFile; fileRef = D861F82E00C63BD97238A8F2 /* PaperBackgroundView.swift */; };
		4760A7880DC0E45FE4CB9711 /* BoardView.swift in Sources */ = {isa = PBXBuildFile; fileRef = 3FD47B47495A1FC88EEFE090 /* BoardView.swift */; };
		4C37921F5923FD1D5CB3A768 /* HardnessViews.swift in Sources */ = {isa = PBXBuildFile; fileRef = 05D038008BF4660E34AAB50C /* HardnessViews.swift */; };
		596793A4184AD78F53388E06 /* SettingsView.swift in Sources */ = {isa = PBXBuildFile; fileRef = 7E0CAB53DCD7947D5E099CD4 /* SettingsView.swift */; };
		5D33F98E5EDF8D85E2F333CA /* HumanMoveAssessment.swift in Sources */ = {isa = PBXBuildFile; fileRef = E4CF652507BB5486906862AF /* HumanMoveAssessment.swift */; };
		5D3CACC0A93792A3A4ECD2E2 /* TacXOApp.swift in Sources */ = {isa = PBXBuildFile; fileRef = F1758025185F684C7F1136F5 /* TacXOApp.swift */; };
		5EB399B01301715A2F78D91B /* GameController.swift in Sources */ = {isa = PBXBuildFile; fileRef = 67D42A1ED5CFC47A62212E43 /* GameController.swift */; };
		77FAE3F9A6A3505CD6DC9339 /* Assets.xcassets in Resources */ = {isa = PBXBuildFile; fileRef = EE42257461FC6F6D64C63C57 /* Assets.xcassets */; };
		783A2853430884781D7719E8 /* AIPlayer.swift in Sources */ = {isa = PBXBuildFile; fileRef = E21C25A0B68199B29B41907B /* AIPlayer.swift */; };
		853590898FF9DC322A051994 /* AdaptiveDifficulty.swift in Sources */ = {isa = PBXBuildFile; fileRef = 76A1B07642E0E2F4EDE30E68 /* AdaptiveDifficulty.swift */; };
		8CCE4936C88B2E2B5A4399C3 /* Mark.swift in Sources */ = {isa = PBXBuildFile; fileRef = 99FC4226CBB4D1A6DC491C7B /* Mark.swift */; };
		9131D1E60AA572A1DC1A7F19 /* WinCelebrationView.swift in Sources */ = {isa = PBXBuildFile; fileRef = 222E65A302069B6B1DEA8A5F /* WinCelebrationView.swift */; };
		A0FB9A57E05B3AD4678EE498 /* NeighborQuotes.swift in Sources */ = {isa = PBXBuildFile; fileRef = 051798E29C48A8EB2E928FAB /* NeighborQuotes.swift */; };
		B0824588F3B393345460AD48 /* AdaptiveDifficultyTests.swift in Sources */ = {isa = PBXBuildFile; fileRef = A2F6F6A87C19B2812C9BC13F /* AdaptiveDifficultyTests.swift */; };
		B3996018154EFEDAD6D49353 /* GameEngineTests.swift in Sources */ = {isa = PBXBuildFile; fileRef = 74CD9E6C7AF5FDB764EC6A80 /* GameEngineTests.swift */; };
		BF3AAAE6D3B64B696F6FB79F /* neighbor_loss_3.wav in Resources */ = {isa = PBXBuildFile; fileRef = 8EAA49A24FEC371863A8CEE3 /* neighbor_loss_3.wav */; };
		D4444C33B392D64782546BAE /* NeighborMoveComments.swift in Sources */ = {isa = PBXBuildFile; fileRef = 9FA3EC4F77C70F39CFEF354D /* NeighborMoveComments.swift */; };
		D87B4EEE1CE599C428172A2D /* GameEngine.swift in Sources */ = {isa = PBXBuildFile; fileRef = DF3DE21B7DDBB2EEB43EC7CB /* GameEngine.swift */; };
		D9ED113DE88239D8C0F060E2 /* Neighbor.swift in Sources */ = {isa = PBXBuildFile; fileRef = EE688B7CE2D78E1393B99AFC /* Neighbor.swift */; };
		E07AFD40A6B964AF419D15BE /* GameSettings.swift in Sources */ = {isa = PBXBuildFile; fileRef = 2D77A1054B37BE07FA1C0D38 /* GameSettings.swift */; };
		E548A191F7986234FB0536CE /* QuoteOverlayView.swift in Sources */ = {isa = PBXBuildFile; fileRef = D5574D8ACC4CCF6B3BFABD60 /* QuoteOverlayView.swift */; };
		E68D082828A2333EE04C24C3 /* MoveCommentTests.swift in Sources */ = {isa = PBXBuildFile; fileRef = EE609F7E507326E82864DFB6 /* MoveCommentTests.swift */; };
		E7EC95D217D90DA7876FF723 /* NeighborQuotesTests.swift in Sources */ = {isa = PBXBuildFile; fileRef = 52343FEC58686D74BE8BF747 /* NeighborQuotesTests.swift */; };
		EC24DE77EAD830F145D14C4D /* NeighborWinQuotes.swift in Sources */ = {isa = PBXBuildFile; fileRef = 6131FC872C7A4CEDC883CB47 /* NeighborWinQuotes.swift */; };
		ED1D46D8FFD312A14CAA0F26 /* neighbor_loss_1.wav in Resources */ = {isa = PBXBuildFile; fileRef = D554D0DFD010F3690343738C /* neighbor_loss_1.wav */; };
		EEE236BF844F116C4002821C /* WinChecker.swift in Sources */ = {isa = PBXBuildFile; fileRef = E8E6CE9C9835DBE03EC1B354 /* WinChecker.swift */; };
		EFEF1E4296540E0255F404AD /* NeighborComment.swift in Sources */ = {isa = PBXBuildFile; fileRef = 0DAB25A1FB6E33229FBD3D0D /* NeighborComment.swift */; };
		F37F2A17E69F66AB315ECDE7 /* GameTheme.swift in Sources */ = {isa = PBXBuildFile; fileRef = 8303BCC6F0F3B70C7F438F4B /* GameTheme.swift */; };
		F81BC303F2C5BF47564BFF56 /* neighbor_loss_2.wav in Resources */ = {isa = PBXBuildFile; fileRef = A9619A3FCE5E71572CDE01CF /* neighbor_loss_2.wav */; };
		F99344BC9662044B319480DF /* CellView.swift in Sources */ = {isa = PBXBuildFile; fileRef = 8C3941829C6F5C2A4BDA1D7D /* CellView.swift */; };
		FF07E20F5506802EB6D7CB0B /* AIPlayerTests.swift in Sources */ = {isa = PBXBuildFile; fileRef = 78F529C534C1AD55CBB3409D /* AIPlayerTests.swift */; };
/* End PBXBuildFile section */

/* Begin PBXContainerItemProxy section */
		E0BB214EDB0474280521E4BD /* PBXContainerItemProxy */ = {
			isa = PBXContainerItemProxy;
			containerPortal = DDD93066B639A90F6CBC86FB /* Project object */;
			proxyType = 1;
			remoteGlobalIDString = 7952E0343853BA6A02522895;
			remoteInfo = TacXO;
		};
/* End PBXContainerItemProxy section */

/* Begin PBXFileReference section */
		051798E29C48A8EB2E928FAB /* NeighborQuotes.swift */ = {isa = PBXFileReference; lastKnownFileType = sourcecode.swift; path = NeighborQuotes.swift; sourceTree = "<group>"; };
		05D038008BF4660E34AAB50C /* HardnessViews.swift */ = {isa = PBXFileReference; lastKnownFileType = sourcecode.swift; path = HardnessViews.swift; sourceTree = "<group>"; };
		0DAB25A1FB6E33229FBD3D0D /* NeighborComment.swift */ = {isa = PBXFileReference; lastKnownFileType = sourcecode.swift; path = NeighborComment.swift; sourceTree = "<group>"; };
		0EB21894C197E44771C9E74F /* TacXOTests.xctest */ = {isa = PBXFileReference; includeInIndex = 0; lastKnownFileType = wrapper.cfbundle; path = TacXOTests.xctest; sourceTree = BUILT_PRODUCTS_DIR; };
		18E76001B409E6A8FEB6C9F7 /* SoundManager.swift */ = {isa = PBXFileReference; lastKnownFileType = sourcecode.swift; path = SoundManager.swift; sourceTree = "<group>"; };
		222E65A302069B6B1DEA8A5F /* WinCelebrationView.swift */ = {isa = PBXFileReference; lastKnownFileType = sourcecode.swift; path = WinCelebrationView.swift; sourceTree = "<group>"; };
		2D77A1054B37BE07FA1C0D38 /* GameSettings.swift */ = {isa = PBXFileReference; lastKnownFileType = sourcecode.swift; path = GameSettings.swift; sourceTree = "<group>"; };
		35514A8A6C25B66BA4D02E25 /* WinCheckerTests.swift */ = {isa = PBXFileReference; lastKnownFileType = sourcecode.swift; path = WinCheckerTests.swift; sourceTree = "<group>"; };
		3FD47B47495A1FC88EEFE090 /* BoardView.swift */ = {isa = PBXFileReference; lastKnownFileType = sourcecode.swift; path = BoardView.swift; sourceTree = "<group>"; };
		4E3489B77DE7D0F260049D4A /* Localizable.xcstrings */ = {isa = PBXFileReference; lastKnownFileType = text.json.xcstrings; path = Localizable.xcstrings; sourceTree = "<group>"; };
		52343FEC58686D74BE8BF747 /* NeighborQuotesTests.swift */ = {isa = PBXFileReference; lastKnownFileType = sourcecode.swift; path = NeighborQuotesTests.swift; sourceTree = "<group>"; };
		56DBDC0FB9531FF058A35A46 /* ATTRIBUTIONS.md */ = {isa = PBXFileReference; lastKnownFileType = net.daringfireball.markdown; path = ATTRIBUTIONS.md; sourceTree = "<group>"; };
		6131FC872C7A4CEDC883CB47 /* NeighborWinQuotes.swift */ = {isa = PBXFileReference; lastKnownFileType = sourcecode.swift; path = NeighborWinQuotes.swift; sourceTree = "<group>"; };
		67D42A1ED5CFC47A62212E43 /* GameController.swift */ = {isa = PBXFileReference; lastKnownFileType = sourcecode.swift; path = GameController.swift; sourceTree = "<group>"; };
		6A296CE0A4ACC9C6FEAC0D0C /* TacXOTests.swift */ = {isa = PBXFileReference; lastKnownFileType = sourcecode.swift; path = TacXOTests.swift; sourceTree = "<group>"; };
		74CD9E6C7AF5FDB764EC6A80 /* GameEngineTests.swift */ = {isa = PBXFileReference; lastKnownFileType = sourcecode.swift; path = GameEngineTests.swift; sourceTree = "<group>"; };
		76A1B07642E0E2F4EDE30E68 /* AdaptiveDifficulty.swift */ = {isa = PBXFileReference; lastKnownFileType = sourcecode.swift; path = AdaptiveDifficulty.swift; sourceTree = "<group>"; };
		78F529C534C1AD55CBB3409D /* AIPlayerTests.swift */ = {isa = PBXFileReference; lastKnownFileType = sourcecode.swift; path = AIPlayerTests.swift; sourceTree = "<group>"; };
		7E0CAB53DCD7947D5E099CD4 /* SettingsView.swift */ = {isa = PBXFileReference; lastKnownFileType = sourcecode.swift; path = SettingsView.swift; sourceTree = "<group>"; };
		8303BCC6F0F3B70C7F438F4B /* GameTheme.swift */ = {isa = PBXFileReference; lastKnownFileType = sourcecode.swift; path = GameTheme.swift; sourceTree = "<group>"; };
		8C3941829C6F5C2A4BDA1D7D /* CellView.swift */ = {isa = PBXFileReference; lastKnownFileType = sourcecode.swift; path = CellView.swift; sourceTree = "<group>"; };
		8EAA49A24FEC371863A8CEE3 /* neighbor_loss_3.wav */ = {isa = PBXFileReference; lastKnownFileType = audio.wav; path = neighbor_loss_3.wav; sourceTree = "<group>"; };
		99FC4226CBB4D1A6DC491C7B /* Mark.swift */ = {isa = PBXFileReference; lastKnownFileType = sourcecode.swift; path = Mark.swift; sourceTree = "<group>"; };
		9FA3EC4F77C70F39CFEF354D /* NeighborMoveComments.swift */ = {isa = PBXFileReference; lastKnownFileType = sourcecode.swift; path = NeighborMoveComments.swift; sourceTree = "<group>"; };
		A2F6F6A87C19B2812C9BC13F /* AdaptiveDifficultyTests.swift */ = {isa = PBXFileReference; lastKnownFileType = sourcecode.swift; path = AdaptiveDifficultyTests.swift; sourceTree = "<group>"; };
		A9619A3FCE5E71572CDE01CF /* neighbor_loss_2.wav */ = {isa = PBXFileReference; lastKnownFileType = audio.wav; path = neighbor_loss_2.wav; sourceTree = "<group>"; };
		AA6310856F6ACD8839F5B9DF /* PlayView.swift */ = {isa = PBXFileReference; lastKnownFileType = sourcecode.swift; path = PlayView.swift; sourceTree = "<group>"; };
		B0214435EEDFC1525D908CFF /* TacXO.app */ = {isa = PBXFileReference; includeInIndex = 0; lastKnownFileType = wrapper.application; path = TacXO.app; sourceTree = BUILT_PRODUCTS_DIR; };
		C200C0B8C871F56CC065A771 /* NeighborSpeechBubbleView.swift */ = {isa = PBXFileReference; lastKnownFileType = sourcecode.swift; path = NeighborSpeechBubbleView.swift; sourceTree = "<group>"; };
		CBB5A7AC06360F0DA248B836 /* AppLanguage.swift */ = {isa = PBXFileReference; lastKnownFileType = sourcecode.swift; path = AppLanguage.swift; sourceTree = "<group>"; };
		D554D0DFD010F3690343738C /* neighbor_loss_1.wav */ = {isa = PBXFileReference; lastKnownFileType = audio.wav; path = neighbor_loss_1.wav; sourceTree = "<group>"; };
		D5574D8ACC4CCF6B3BFABD60 /* QuoteOverlayView.swift */ = {isa = PBXFileReference; lastKnownFileType = sourcecode.swift; path = QuoteOverlayView.swift; sourceTree = "<group>"; };
		D861F82E00C63BD97238A8F2 /* PaperBackgroundView.swift */ = {isa = PBXFileReference; lastKnownFileType = sourcecode.swift; path = PaperBackgroundView.swift; sourceTree = "<group>"; };
		D9058BD8D870A0DEE3C04EF7 /* Cell.swift */ = {isa = PBXFileReference; lastKnownFileType = sourcecode.swift; path = Cell.swift; sourceTree = "<group>"; };
		DF3DE21B7DDBB2EEB43EC7CB /* GameEngine.swift */ = {isa = PBXFileReference; lastKnownFileType = sourcecode.swift; path = GameEngine.swift; sourceTree = "<group>"; };
		E21C25A0B68199B29B41907B /* AIPlayer.swift */ = {isa = PBXFileReference; lastKnownFileType = sourcecode.swift; path = AIPlayer.swift; sourceTree = "<group>"; };
		E4CF652507BB5486906862AF /* HumanMoveAssessment.swift */ = {isa = PBXFileReference; lastKnownFileType = sourcecode.swift; path = HumanMoveAssessment.swift; sourceTree = "<group>"; };
		E5B2556E10DD213A76CDE489 /* place.wav */ = {isa = PBXFileReference; lastKnownFileType = audio.wav; path = place.wav; sourceTree = "<group>"; };
		E8E6CE9C9835DBE03EC1B354 /* WinChecker.swift */ = {isa = PBXFileReference; lastKnownFileType = sourcecode.swift; path = WinChecker.swift; sourceTree = "<group>"; };
		EE42257461FC6F6D64C63C57 /* Assets.xcassets */ = {isa = PBXFileReference; lastKnownFileType = folder.assetcatalog; path = Assets.xcassets; sourceTree = "<group>"; };
		EE609F7E507326E82864DFB6 /* MoveCommentTests.swift */ = {isa = PBXFileReference; lastKnownFileType = sourcecode.swift; path = MoveCommentTests.swift; sourceTree = "<group>"; };
		EE688B7CE2D78E1393B99AFC /* Neighbor.swift */ = {isa = PBXFileReference; lastKnownFileType = sourcecode.swift; path = Neighbor.swift; sourceTree = "<group>"; };
		F1758025185F684C7F1136F5 /* TacXOApp.swift */ = {isa = PBXFileReference; lastKnownFileType = sourcecode.swift; path = TacXOApp.swift; sourceTree = "<group>"; };
		FFB1F8ADDEB18FFD387D30A2 /* NeighborQuote.swift */ = {isa = PBXFileReference; lastKnownFileType = sourcecode.swift; path = NeighborQuote.swift; sourceTree = "<group>"; };
/* End PBXFileReference section */

/* Begin PBXGroup section */
		0385EF2B121AFD43ABF36593 /* AI */ = {
			isa = PBXGroup;
			children = (
				76A1B07642E0E2F4EDE30E68 /* AdaptiveDifficulty.swift */,
				E21C25A0B68199B29B41907B /* AIPlayer.swift */,
			);
			path = AI;
			sourceTree = "<group>";
		};
		3331D8A0FA33FAC5D32E8A57 /* Engine */ = {
			isa = PBXGroup;
			children = (
				DF3DE21B7DDBB2EEB43EC7CB /* GameEngine.swift */,
				E8E6CE9C9835DBE03EC1B354 /* WinChecker.swift */,
			);
			path = Engine;
			sourceTree = "<group>";
		};
		3F956DF789EBF6F6648726BB /* Personality */ = {
			isa = PBXGroup;
			children = (
				EE688B7CE2D78E1393B99AFC /* Neighbor.swift */,
				9FA3EC4F77C70F39CFEF354D /* NeighborMoveComments.swift */,
				051798E29C48A8EB2E928FAB /* NeighborQuotes.swift */,
				6131FC872C7A4CEDC883CB47 /* NeighborWinQuotes.swift */,
				18E76001B409E6A8FEB6C9F7 /* SoundManager.swift */,
			);
			path = Personality;
			sourceTree = "<group>";
		};
		4EDE9D9E5C37514897CCCFE9 /* Models */ = {
			isa = PBXGroup;
			children = (
				CBB5A7AC06360F0DA248B836 /* AppLanguage.swift */,
				D9058BD8D870A0DEE3C04EF7 /* Cell.swift */,
				2D77A1054B37BE07FA1C0D38 /* GameSettings.swift */,
				E4CF652507BB5486906862AF /* HumanMoveAssessment.swift */,
				99FC4226CBB4D1A6DC491C7B /* Mark.swift */,
				0DAB25A1FB6E33229FBD3D0D /* NeighborComment.swift */,
				FFB1F8ADDEB18FFD387D30A2 /* NeighborQuote.swift */,
			);
			path = Models;
			sourceTree = "<group>";
		};
		579E8DEF8439F9D900A9DC7C /* TacXO */ = {
			isa = PBXGroup;
			children = (
				F1758025185F684C7F1136F5 /* TacXOApp.swift */,
				0385EF2B121AFD43ABF36593 /* AI */,
				3331D8A0FA33FAC5D32E8A57 /* Engine */,
				4EDE9D9E5C37514897CCCFE9 /* Models */,
				3F956DF789EBF6F6648726BB /* Personality */,
				7599819B9269ADABD913F02C /* Resources */,
				95CE44627D0FCEF0E692C0CE /* ViewModels */,
				8423A073588627172A9B3BDB /* Views */,
			);
			path = TacXO;
			sourceTree = "<group>";
		};
		7599819B9269ADABD913F02C /* Resources */ = {
			isa = PBXGroup;
			children = (
				EE42257461FC6F6D64C63C57 /* Assets.xcassets */,
				56DBDC0FB9531FF058A35A46 /* ATTRIBUTIONS.md */,
				4E3489B77DE7D0F260049D4A /* Localizable.xcstrings */,
				D554D0DFD010F3690343738C /* neighbor_loss_1.wav */,
				A9619A3FCE5E71572CDE01CF /* neighbor_loss_2.wav */,
				8EAA49A24FEC371863A8CEE3 /* neighbor_loss_3.wav */,
				E5B2556E10DD213A76CDE489 /* place.wav */,
			);
			path = Resources;
			sourceTree = "<group>";
		};
		8423A073588627172A9B3BDB /* Views */ = {
			isa = PBXGroup;
			children = (
				3FD47B47495A1FC88EEFE090 /* BoardView.swift */,
				8C3941829C6F5C2A4BDA1D7D /* CellView.swift */,
				8303BCC6F0F3B70C7F438F4B /* GameTheme.swift */,
				05D038008BF4660E34AAB50C /* HardnessViews.swift */,
				C200C0B8C871F56CC065A771 /* NeighborSpeechBubbleView.swift */,
				D861F82E00C63BD97238A8F2 /* PaperBackgroundView.swift */,
				AA6310856F6ACD8839F5B9DF /* PlayView.swift */,
				D5574D8ACC4CCF6B3BFABD60 /* QuoteOverlayView.swift */,
				7E0CAB53DCD7947D5E099CD4 /* SettingsView.swift */,
				222E65A302069B6B1DEA8A5F /* WinCelebrationView.swift */,
			);
			path = Views;
			sourceTree = "<group>";
		};
		8C3A987B4B5BE81D9997F13A /* TacXOTests */ = {
			isa = PBXGroup;
			children = (
				A2F6F6A87C19B2812C9BC13F /* AdaptiveDifficultyTests.swift */,
				78F529C534C1AD55CBB3409D /* AIPlayerTests.swift */,
				74CD9E6C7AF5FDB764EC6A80 /* GameEngineTests.swift */,
				EE609F7E507326E82864DFB6 /* MoveCommentTests.swift */,
				52343FEC58686D74BE8BF747 /* NeighborQuotesTests.swift */,
				6A296CE0A4ACC9C6FEAC0D0C /* TacXOTests.swift */,
				35514A8A6C25B66BA4D02E25 /* WinCheckerTests.swift */,
			);
			path = TacXOTests;
			sourceTree = "<group>";
		};
		8FD5528CA5309596DBE3D436 /* Products */ = {
			isa = PBXGroup;
			children = (
				B0214435EEDFC1525D908CFF /* TacXO.app */,
				0EB21894C197E44771C9E74F /* TacXOTests.xctest */,
			);
			name = Products;
			sourceTree = "<group>";
		};
		95CE44627D0FCEF0E692C0CE /* ViewModels */ = {
			isa = PBXGroup;
			children = (
				67D42A1ED5CFC47A62212E43 /* GameController.swift */,
			);
			path = ViewModels;
			sourceTree = "<group>";
		};
		C70B528DF3C592F2ECB3E2F4 = {
			isa = PBXGroup;
			children = (
				579E8DEF8439F9D900A9DC7C /* TacXO */,
				8C3A987B4B5BE81D9997F13A /* TacXOTests */,
				8FD5528CA5309596DBE3D436 /* Products */,
			);
			sourceTree = "<group>";
		};
/* End PBXGroup section */

/* Begin PBXNativeTarget section */
		7952E0343853BA6A02522895 /* TacXO */ = {
			isa = PBXNativeTarget;
			buildConfigurationList = 0C3420AE56AAB0A36296346C /* Build configuration list for PBXNativeTarget "TacXO" */;
			buildPhases = (
				E7A1B829A9532F522AE28BE2 /* Sources */,
				9B19C9C8236B0517A7482469 /* Resources */,
			);
			buildRules = (
			);
			dependencies = (
			);
			name = TacXO;
			packageProductDependencies = (
			);
			productName = TacXO;
			productReference = B0214435EEDFC1525D908CFF /* TacXO.app */;
			productType = "com.apple.product-type.application";
		};
		8ED2588D81688E69E91CBD78 /* TacXOTests */ = {
			isa = PBXNativeTarget;
			buildConfigurationList = 663842B8BDEFD11C5B33FA6B /* Build configuration list for PBXNativeTarget "TacXOTests" */;
			buildPhases = (
				38971BA6F2B5BC94B01D11AC /* Sources */,
			);
			buildRules = (
			);
			dependencies = (
				24B4F46793AFBA7F3F982756 /* PBXTargetDependency */,
			);
			name = TacXOTests;
			packageProductDependencies = (
			);
			productName = TacXOTests;
			productReference = 0EB21894C197E44771C9E74F /* TacXOTests.xctest */;
			productType = "com.apple.product-type.bundle.unit-test";
		};
/* End PBXNativeTarget section */

/* Begin PBXProject section */
		DDD93066B639A90F6CBC86FB /* Project object */ = {
			isa = PBXProject;
			attributes = {
				BuildIndependentTargetsInParallel = YES;
				LastUpgradeCheck = 1430;
				TargetAttributes = {
				};
			};
			buildConfigurationList = 1A42397A91F8771181E90F51 /* Build configuration list for PBXProject "TacXO" */;
			developmentRegion = en;
			hasScannedForEncodings = 0;
			knownRegions = (
				Base,
				en,
				vi,
			);
			mainGroup = C70B528DF3C592F2ECB3E2F4;
			minimizedProjectReferenceProxies = 1;
			preferredProjectObjectVersion = 77;
			productRefGroup = 8FD5528CA5309596DBE3D436 /* Products */;
			projectDirPath = "";
			projectRoot = "";
			targets = (
				7952E0343853BA6A02522895 /* TacXO */,
				8ED2588D81688E69E91CBD78 /* TacXOTests */,
			);
		};
/* End PBXProject section */

/* Begin PBXResourcesBuildPhase section */
		9B19C9C8236B0517A7482469 /* Resources */ = {
			isa = PBXResourcesBuildPhase;
			buildActionMask = 2147483647;
			files = (
				3D7F29B45C5C615DFE5D360A /* ATTRIBUTIONS.md in Resources */,
				77FAE3F9A6A3505CD6DC9339 /* Assets.xcassets in Resources */,
				31BBD9D7E257314C43F6F414 /* Localizable.xcstrings in Resources */,
				ED1D46D8FFD312A14CAA0F26 /* neighbor_loss_1.wav in Resources */,
				F81BC303F2C5BF47564BFF56 /* neighbor_loss_2.wav in Resources */,
				BF3AAAE6D3B64B696F6FB79F /* neighbor_loss_3.wav in Resources */,
				398B1644175F33F977A2DC02 /* place.wav in Resources */,
			);
			runOnlyForDeploymentPostprocessing = 0;
		};
/* End PBXResourcesBuildPhase section */

/* Begin PBXSourcesBuildPhase section */
		38971BA6F2B5BC94B01D11AC /* Sources */ = {
			isa = PBXSourcesBuildPhase;
			buildActionMask = 2147483647;
			files = (
				FF07E20F5506802EB6D7CB0B /* AIPlayerTests.swift in Sources */,
				B0824588F3B393345460AD48 /* AdaptiveDifficultyTests.swift in Sources */,
				B3996018154EFEDAD6D49353 /* GameEngineTests.swift in Sources */,
				E68D082828A2333EE04C24C3 /* MoveCommentTests.swift in Sources */,
				E7EC95D217D90DA7876FF723 /* NeighborQuotesTests.swift in Sources */,
				07B9DA823F7604C292904C1D /* TacXOTests.swift in Sources */,
				098EF0E6B06594349566FBD6 /* WinCheckerTests.swift in Sources */,
			);
			runOnlyForDeploymentPostprocessing = 0;
		};
		E7A1B829A9532F522AE28BE2 /* Sources */ = {
			isa = PBXSourcesBuildPhase;
			buildActionMask = 2147483647;
			files = (
				783A2853430884781D7719E8 /* AIPlayer.swift in Sources */,
				853590898FF9DC322A051994 /* AdaptiveDifficulty.swift in Sources */,
				20B056AAA166C9468D1064EF /* AppLanguage.swift in Sources */,
				4760A7880DC0E45FE4CB9711 /* BoardView.swift in Sources */,
				46D0C3AA185AF748D5A38D9D /* Cell.swift in Sources */,
				F99344BC9662044B319480DF /* CellView.swift in Sources */,
				5EB399B01301715A2F78D91B /* GameController.swift in Sources */,
				D87B4EEE1CE599C428172A2D /* GameEngine.swift in Sources */,
				E07AFD40A6B964AF419D15BE /* GameSettings.swift in Sources */,
				F37F2A17E69F66AB315ECDE7 /* GameTheme.swift in Sources */,
				4C37921F5923FD1D5CB3A768 /* HardnessViews.swift in Sources */,
				5D33F98E5EDF8D85E2F333CA /* HumanMoveAssessment.swift in Sources */,
				8CCE4936C88B2E2B5A4399C3 /* Mark.swift in Sources */,
				D9ED113DE88239D8C0F060E2 /* Neighbor.swift in Sources */,
				EFEF1E4296540E0255F404AD /* NeighborComment.swift in Sources */,
				D4444C33B392D64782546BAE /* NeighborMoveComments.swift in Sources */,
				19EF3C1ABF90D679251E7D77 /* NeighborQuote.swift in Sources */,
				A0FB9A57E05B3AD4678EE498 /* NeighborQuotes.swift in Sources */,
				4413EBFC36784A20D7B0C2D0 /* NeighborSpeechBubbleView.swift in Sources */,
				EC24DE77EAD830F145D14C4D /* NeighborWinQuotes.swift in Sources */,
				46E6AB8C166EDA209BC77ACC /* PaperBackgroundView.swift in Sources */,
				2493B3CC066DB2524EB7868C /* PlayView.swift in Sources */,
				E548A191F7986234FB0536CE /* QuoteOverlayView.swift in Sources */,
				596793A4184AD78F53388E06 /* SettingsView.swift in Sources */,
				16C3CBADC200EC32C843A594 /* SoundManager.swift in Sources */,
				5D3CACC0A93792A3A4ECD2E2 /* TacXOApp.swift in Sources */,
				9131D1E60AA572A1DC1A7F19 /* WinCelebrationView.swift in Sources */,
				EEE236BF844F116C4002821C /* WinChecker.swift in Sources */,
			);
			runOnlyForDeploymentPostprocessing = 0;
		};
/* End PBXSourcesBuildPhase section */

/* Begin PBXTargetDependency section */
		24B4F46793AFBA7F3F982756 /* PBXTargetDependency */ = {
			isa = PBXTargetDependency;
			target = 7952E0343853BA6A02522895 /* TacXO */;
			targetProxy = E0BB214EDB0474280521E4BD /* PBXContainerItemProxy */;
		};
/* End PBXTargetDependency section */

/* Begin XCBuildConfiguration section */
		2B987616DF61BC6A8D2DD42E /* Release */ = {
			isa = XCBuildConfiguration;
			buildSettings = {
				ALWAYS_SEARCH_USER_PATHS = NO;
				CLANG_ANALYZER_NONNULL = YES;
				CLANG_ANALYZER_NUMBER_OBJECT_CONVERSION = YES_AGGRESSIVE;
				CLANG_CXX_LANGUAGE_STANDARD = "gnu++14";
				CLANG_CXX_LIBRARY = "libc++";
				CLANG_ENABLE_MODULES = YES;
				CLANG_ENABLE_OBJC_ARC = YES;
				CLANG_ENABLE_OBJC_WEAK = YES;
				CLANG_WARN_BLOCK_CAPTURE_AUTORELEASING = YES;
				CLANG_WARN_BOOL_CONVERSION = YES;
				CLANG_WARN_COMMA = YES;
				CLANG_WARN_CONSTANT_CONVERSION = YES;
				CLANG_WARN_DEPRECATED_OBJC_IMPLEMENTATIONS = YES;
				CLANG_WARN_DIRECT_OBJC_ISA_USAGE = YES_ERROR;
				CLANG_WARN_DOCUMENTATION_COMMENTS = YES;
				CLANG_WARN_EMPTY_BODY = YES;
				CLANG_WARN_ENUM_CONVERSION = YES;
				CLANG_WARN_INFINITE_RECURSION = YES;
				CLANG_WARN_INT_CONVERSION = YES;
				CLANG_WARN_NON_LITERAL_NULL_CONVERSION = YES;
				CLANG_WARN_OBJC_IMPLICIT_RETAIN_SELF = YES;
				CLANG_WARN_OBJC_LITERAL_CONVERSION = YES;
				CLANG_WARN_OBJC_ROOT_CLASS = YES_ERROR;
				CLANG_WARN_QUOTED_INCLUDE_IN_FRAMEWORK_HEADER = YES;
				CLANG_WARN_RANGE_LOOP_ANALYSIS = YES;
				CLANG_WARN_STRICT_PROTOTYPES = YES;
				CLANG_WARN_SUSPICIOUS_MOVE = YES;
				CLANG_WARN_UNGUARDED_AVAILABILITY = YES_AGGRESSIVE;
				CLANG_WARN_UNREACHABLE_CODE = YES;
				CLANG_WARN__DUPLICATE_METHOD_MATCH = YES;
				COPY_PHASE_STRIP = NO;
				CURRENT_PROJECT_VERSION = 1.1;
				DEBUG_INFORMATION_FORMAT = "dwarf-with-dsym";
				ENABLE_NS_ASSERTIONS = NO;
				ENABLE_STRICT_OBJC_MSGSEND = YES;
				GCC_C_LANGUAGE_STANDARD = gnu11;
				GCC_NO_COMMON_BLOCKS = YES;
				GCC_WARN_64_TO_32_BIT_CONVERSION = YES;
				GCC_WARN_ABOUT_RETURN_TYPE = YES_ERROR;
				GCC_WARN_UNDECLARED_SELECTOR = YES;
				GCC_WARN_UNINITIALIZED_AUTOS = YES_AGGRESSIVE;
				GCC_WARN_UNUSED_FUNCTION = YES;
				GCC_WARN_UNUSED_VARIABLE = YES;
				IPHONEOS_DEPLOYMENT_TARGET = 17.0;
				MARKETING_VERSION = 1.0.1;
				MTL_ENABLE_DEBUG_INFO = NO;
				MTL_FAST_MATH = YES;
				PRODUCT_NAME = "$(TARGET_NAME)";
				SDKROOT = iphoneos;
				SWIFT_COMPILATION_MODE = wholemodule;
				SWIFT_OPTIMIZATION_LEVEL = "-O";
				SWIFT_VERSION = 5.0;
			};
			name = Release;
		};
		8CB7D2208015AA90082BC16B /* Debug */ = {
			isa = XCBuildConfiguration;
			buildSettings = {
				ASSETCATALOG_COMPILER_APPICON_NAME = AppIcon;
				CODE_SIGN_IDENTITY = "iPhone Developer";
				ENABLE_PREVIEWS = YES;
				GENERATE_INFOPLIST_FILE = YES;
				INFOPLIST_KEY_UIApplicationSceneManifest_Generation = YES;
				INFOPLIST_KEY_UILaunchScreen_Generation = YES;
				INFOPLIST_KEY_UISupportedInterfaceOrientations = UIInterfaceOrientationPortrait;
				INFOPLIST_KEY_UISupportedInterfaceOrientations_iPad = "UIInterfaceOrientationPortrait UIInterfaceOrientationPortraitUpsideDown UIInterfaceOrientationLandscapeLeft UIInterfaceOrientationLandscapeRight";
				IPHONEOS_DEPLOYMENT_TARGET = 17.0;
				LD_RUNPATH_SEARCH_PATHS = (
					"$(inherited)",
					"@executable_path/Frameworks",
				);
				LOCALIZATION_PREFERS_STRING_CATALOGS = YES;
				PRODUCT_BUNDLE_IDENTIFIER = com.xo.game;
				PRODUCT_NAME = TacXO;
				SDKROOT = iphoneos;
				SWIFT_EMIT_LOC_STRINGS = YES;
				TARGETED_DEVICE_FAMILY = "1,2";
			};
			name = Debug;
		};
		A6F9A2F06FAF4A5221B99E01 /* Debug */ = {
			isa = XCBuildConfiguration;
			buildSettings = {
				ALWAYS_SEARCH_USER_PATHS = NO;
				CLANG_ANALYZER_NONNULL = YES;
				CLANG_ANALYZER_NUMBER_OBJECT_CONVERSION = YES_AGGRESSIVE;
				CLANG_CXX_LANGUAGE_STANDARD = "gnu++14";
				CLANG_CXX_LIBRARY = "libc++";
				CLANG_ENABLE_MODULES = YES;
				CLANG_ENABLE_OBJC_ARC = YES;
				CLANG_ENABLE_OBJC_WEAK = YES;
				CLANG_WARN_BLOCK_CAPTURE_AUTORELEASING = YES;
				CLANG_WARN_BOOL_CONVERSION = YES;
				CLANG_WARN_COMMA = YES;
				CLANG_WARN_CONSTANT_CONVERSION = YES;
				CLANG_WARN_DEPRECATED_OBJC_IMPLEMENTATIONS = YES;
				CLANG_WARN_DIRECT_OBJC_ISA_USAGE = YES_ERROR;
				CLANG_WARN_DOCUMENTATION_COMMENTS = YES;
				CLANG_WARN_EMPTY_BODY = YES;
				CLANG_WARN_ENUM_CONVERSION = YES;
				CLANG_WARN_INFINITE_RECURSION = YES;
				CLANG_WARN_INT_CONVERSION = YES;
				CLANG_WARN_NON_LITERAL_NULL_CONVERSION = YES;
				CLANG_WARN_OBJC_IMPLICIT_RETAIN_SELF = YES;
				CLANG_WARN_OBJC_LITERAL_CONVERSION = YES;
				CLANG_WARN_OBJC_ROOT_CLASS = YES_ERROR;
				CLANG_WARN_QUOTED_INCLUDE_IN_FRAMEWORK_HEADER = YES;
				CLANG_WARN_RANGE_LOOP_ANALYSIS = YES;
				CLANG_WARN_STRICT_PROTOTYPES = YES;
				CLANG_WARN_SUSPICIOUS_MOVE = YES;
				CLANG_WARN_UNGUARDED_AVAILABILITY = YES_AGGRESSIVE;
				CLANG_WARN_UNREACHABLE_CODE = YES;
				CLANG_WARN__DUPLICATE_METHOD_MATCH = YES;
				COPY_PHASE_STRIP = NO;
				CURRENT_PROJECT_VERSION = 1.1;
				DEBUG_INFORMATION_FORMAT = dwarf;
				ENABLE_STRICT_OBJC_MSGSEND = YES;
				ENABLE_TESTABILITY = YES;
				GCC_C_LANGUAGE_STANDARD = gnu11;
				GCC_DYNAMIC_NO_PIC = NO;
				GCC_NO_COMMON_BLOCKS = YES;
				GCC_OPTIMIZATION_LEVEL = 0;
				GCC_PREPROCESSOR_DEFINITIONS = (
					"$(inherited)",
					"DEBUG=1",
				);
				GCC_WARN_64_TO_32_BIT_CONVERSION = YES;
				GCC_WARN_ABOUT_RETURN_TYPE = YES_ERROR;
				GCC_WARN_UNDECLARED_SELECTOR = YES;
				GCC_WARN_UNINITIALIZED_AUTOS = YES_AGGRESSIVE;
				GCC_WARN_UNUSED_FUNCTION = YES;
				GCC_WARN_UNUSED_VARIABLE = YES;
				IPHONEOS_DEPLOYMENT_TARGET = 17.0;
				MARKETING_VERSION = 1.0.1;
				MTL_ENABLE_DEBUG_INFO = INCLUDE_SOURCE;
				MTL_FAST_MATH = YES;
				ONLY_ACTIVE_ARCH = YES;
				PRODUCT_NAME = "$(TARGET_NAME)";
				SDKROOT = iphoneos;
				SWIFT_ACTIVE_COMPILATION_CONDITIONS = DEBUG;
				SWIFT_OPTIMIZATION_LEVEL = "-Onone";
				SWIFT_VERSION = 5.0;
			};
			name = Debug;
		};
		A8B326AC00369E8EB0FBD7B5 /* Release */ = {
			isa = XCBuildConfiguration;
			buildSettings = {
				BUNDLE_LOADER = "$(TEST_HOST)";
				GENERATE_INFOPLIST_FILE = YES;
				IPHONEOS_DEPLOYMENT_TARGET = 17.0;
				LD_RUNPATH_SEARCH_PATHS = (
					"$(inherited)",
					"@executable_path/Frameworks",
					"@loader_path/Frameworks",
				);
				PRODUCT_BUNDLE_IDENTIFIER = com.xo.game.TacXOTests;
				SDKROOT = iphoneos;
				TARGETED_DEVICE_FAMILY = "1,2";
				TEST_HOST = "$(BUILT_PRODUCTS_DIR)/TacXO.app/$(BUNDLE_EXECUTABLE_FOLDER_PATH)/TacXO";
			};
			name = Release;
		};
		F013B612A87F7562D0DBE481 /* Debug */ = {
			isa = XCBuildConfiguration;
			buildSettings = {
				BUNDLE_LOADER = "$(TEST_HOST)";
				GENERATE_INFOPLIST_FILE = YES;
				IPHONEOS_DEPLOYMENT_TARGET = 17.0;
				LD_RUNPATH_SEARCH_PATHS = (
					"$(inherited)",
					"@executable_path/Frameworks",
					"@loader_path/Frameworks",
				);
				PRODUCT_BUNDLE_IDENTIFIER = com.xo.game.TacXOTests;
				SDKROOT = iphoneos;
				TARGETED_DEVICE_FAMILY = "1,2";
				TEST_HOST = "$(BUILT_PRODUCTS_DIR)/TacXO.app/$(BUNDLE_EXECUTABLE_FOLDER_PATH)/TacXO";
			};
			name = Debug;
		};
		FD5279E6A17AF854BC8B7748 /* Release */ = {
			isa = XCBuildConfiguration;
			buildSettings = {
				ASSETCATALOG_COMPILER_APPICON_NAME = AppIcon;
				CODE_SIGN_IDENTITY = "iPhone Developer";
				ENABLE_PREVIEWS = YES;
				GENERATE_INFOPLIST_FILE = YES;
				INFOPLIST_KEY_UIApplicationSceneManifest_Generation = YES;
				INFOPLIST_KEY_UILaunchScreen_Generation = YES;
				INFOPLIST_KEY_UISupportedInterfaceOrientations = UIInterfaceOrientationPortrait;
				INFOPLIST_KEY_UISupportedInterfaceOrientations_iPad = "UIInterfaceOrientationPortrait UIInterfaceOrientationPortraitUpsideDown UIInterfaceOrientationLandscapeLeft UIInterfaceOrientationLandscapeRight";
				IPHONEOS_DEPLOYMENT_TARGET = 17.0;
				LD_RUNPATH_SEARCH_PATHS = (
					"$(inherited)",
					"@executable_path/Frameworks",
				);
				LOCALIZATION_PREFERS_STRING_CATALOGS = YES;
				PRODUCT_BUNDLE_IDENTIFIER = com.xo.game;
				PRODUCT_NAME = TacXO;
				SDKROOT = iphoneos;
				SWIFT_EMIT_LOC_STRINGS = YES;
				TARGETED_DEVICE_FAMILY = "1,2";
			};
			name = Release;
		};
/* End XCBuildConfiguration section */

/* Begin XCConfigurationList section */
		0C3420AE56AAB0A36296346C /* Build configuration list for PBXNativeTarget "TacXO" */ = {
			isa = XCConfigurationList;
			buildConfigurations = (
				8CB7D2208015AA90082BC16B /* Debug */,
				FD5279E6A17AF854BC8B7748 /* Release */,
			);
			defaultConfigurationIsVisible = 0;
			defaultConfigurationName = Debug;
		};
		1A42397A91F8771181E90F51 /* Build configuration list for PBXProject "TacXO" */ = {
			isa = XCConfigurationList;
			buildConfigurations = (
				A6F9A2F06FAF4A5221B99E01 /* Debug */,
				2B987616DF61BC6A8D2DD42E /* Release */,
			);
			defaultConfigurationIsVisible = 0;
			defaultConfigurationName = Debug;
		};
		663842B8BDEFD11C5B33FA6B /* Build configuration list for PBXNativeTarget "TacXOTests" */ = {
			isa = XCConfigurationList;
			buildConfigurations = (
				F013B612A87F7562D0DBE481 /* Debug */,
				A8B326AC00369E8EB0FBD7B5 /* Release */,
			);
			defaultConfigurationIsVisible = 0;
			defaultConfigurationName = Debug;
		};
/* End XCConfigurationList section */
	};
	rootObject = DDD93066B639A90F6CBC86FB /* Project object */;
}
