// !$*UTF8*$!
{
	archiveVersion = 1;
	classes = {
	};
	objectVersion = 77;
	objects = {

/* Begin PBXBuildFile section */
		04F13194AD1A9E19D74DB5AF /* AIPlayerTests.swift in Sources */ = {isa = PBXBuildFile; fileRef = 218F43BEE4F064BFA48BFDE2 /* AIPlayerTests.swift */; };
		16C199423DE0CF4697D13DF2 /* neighbor_loss_1.wav in Resources */ = {isa = PBXBuildFile; fileRef = 63FA3059405EA6494C270703 /* neighbor_loss_1.wav */; };
		1E08C52FECAF048A133086E5 /* NeighborQuotes.swift in Sources */ = {isa = PBXBuildFile; fileRef = 7EBB010BD99DDE3C0198AA6E /* NeighborQuotes.swift */; };
		1FB3C44CDF850871F4C3DC7B /* GameEngine.swift in Sources */ = {isa = PBXBuildFile; fileRef = 7E1A1CBE43810DC34FC4B673 /* GameEngine.swift */; };
		546EBB507065C480B7BF0E89 /* Mark.swift in Sources */ = {isa = PBXBuildFile; fileRef = 85D415FD94C7117BD37D9550 /* Mark.swift */; };
		5DD54AE8E1910DC321207529 /* GameController.swift in Sources */ = {isa = PBXBuildFile; fileRef = A5395604C4C610FC40AF4B77 /* GameController.swift */; };
		6F6708C3E8FA0B93ED9FFA15 /* AdaptiveDifficultyTests.swift in Sources */ = {isa = PBXBuildFile; fileRef = 7B4E0889878A1C3BD6EB34A0 /* AdaptiveDifficultyTests.swift */; };
		727E5FC52FEC0168AAE124E6 /* AdaptiveDifficulty.swift in Sources */ = {isa = PBXBuildFile; fileRef = CAC2225CFCB315112139CE23 /* AdaptiveDifficulty.swift */; };
		76FE18E6182BD09130F1AA69 /* AIPlayer.swift in Sources */ = {isa = PBXBuildFile; fileRef = 9D6AC76F537734563C94355C /* AIPlayer.swift */; };
		79A7FC042FF2040C0496E632 /* GameSettings.swift in Sources */ = {isa = PBXBuildFile; fileRef = 623B33E51A275E5A808EBB9E /* GameSettings.swift */; };
		8489EC34B575217B5A607167 /* neighbor_loss_2.wav in Resources */ = {isa = PBXBuildFile; fileRef = AAF6CCEF738CE17013BE9C3A /* neighbor_loss_2.wav */; };
		8540275BC6FFE9D6CF4F99A1 /* XOTests.swift in Sources */ = {isa = PBXBuildFile; fileRef = BDFB9FC4EC58590329F9F07D /* XOTests.swift */; };
		88307CCB803CAFDEAF473717 /* place.wav in Resources */ = {isa = PBXBuildFile; fileRef = D84DDF28E6E6373141B21BF2 /* place.wav */; };
		8BC27882F2A819217D167114 /* XOApp.swift in Sources */ = {isa = PBXBuildFile; fileRef = 447E38A4D1701E0FB2F067AB /* XOApp.swift */; };
		94AD31BB68BFE3169B245C59 /* SoundManager.swift in Sources */ = {isa = PBXBuildFile; fileRef = BA2C771B7FDCBD28AC97D64B /* SoundManager.swift */; };
		9E317C01D6995400D1AD0977 /* GameEngineTests.swift in Sources */ = {isa = PBXBuildFile; fileRef = A76B40659468440F8E88D1D9 /* GameEngineTests.swift */; };
		A068E16F56AD66DC7E10AEB5 /* Assets.xcassets in Resources */ = {isa = PBXBuildFile; fileRef = C72F1AF0C5167BCFD382DB7D /* Assets.xcassets */; };
		C741DDBD93C43AA86634BF9C /* WinChecker.swift in Sources */ = {isa = PBXBuildFile; fileRef = F5B707A365702F0C0AA4AABE /* WinChecker.swift */; };
		D0B90B44F9ABC9193234AC2C /* neighbor_loss_3.wav in Resources */ = {isa = PBXBuildFile; fileRef = 1CC1C1A0E3B574158A243327 /* neighbor_loss_3.wav */; };
		DD88585EBD868D7D93B7D896 /* Cell.swift in Sources */ = {isa = PBXBuildFile; fileRef = E9F8DB6656A86FB5A4452A88 /* Cell.swift */; };
		EA8A7C134EAD275BB9A5B7C5 /* WinCheckerTests.swift in Sources */ = {isa = PBXBuildFile; fileRef = 43C3B1C39D49EFF422FB3368 /* WinCheckerTests.swift */; };
/* End PBXBuildFile section */

/* Begin PBXContainerItemProxy section */
		46A9A6BE5270D0A38929A378 /* PBXContainerItemProxy */ = {
			isa = PBXContainerItemProxy;
			containerPortal = 35B9CB12FDB1B5E02986CA63 /* Project object */;
			proxyType = 1;
			remoteGlobalIDString = D94AB1E726E003461712B801;
			remoteInfo = XO;
		};
/* End PBXContainerItemProxy section */

/* Begin PBXFileReference section */
		1CC1C1A0E3B574158A243327 /* neighbor_loss_3.wav */ = {isa = PBXFileReference; lastKnownFileType = audio.wav; path = neighbor_loss_3.wav; sourceTree = "<group>"; };
		218F43BEE4F064BFA48BFDE2 /* AIPlayerTests.swift */ = {isa = PBXFileReference; lastKnownFileType = sourcecode.swift; path = AIPlayerTests.swift; sourceTree = "<group>"; };
		43C3B1C39D49EFF422FB3368 /* WinCheckerTests.swift */ = {isa = PBXFileReference; lastKnownFileType = sourcecode.swift; path = WinCheckerTests.swift; sourceTree = "<group>"; };
		447E38A4D1701E0FB2F067AB /* XOApp.swift */ = {isa = PBXFileReference; lastKnownFileType = sourcecode.swift; path = XOApp.swift; sourceTree = "<group>"; };
		483AB6EAD73515789D7648BF /* XO.app */ = {isa = PBXFileReference; includeInIndex = 0; lastKnownFileType = wrapper.application; path = XO.app; sourceTree = BUILT_PRODUCTS_DIR; };
		623B33E51A275E5A808EBB9E /* GameSettings.swift */ = {isa = PBXFileReference; lastKnownFileType = sourcecode.swift; path = GameSettings.swift; sourceTree = "<group>"; };
		63FA3059405EA6494C270703 /* neighbor_loss_1.wav */ = {isa = PBXFileReference; lastKnownFileType = audio.wav; path = neighbor_loss_1.wav; sourceTree = "<group>"; };
		68DBBDF76611B37202BB4F57 /* XOTests.xctest */ = {isa = PBXFileReference; includeInIndex = 0; lastKnownFileType = wrapper.cfbundle; path = XOTests.xctest; sourceTree = BUILT_PRODUCTS_DIR; };
		7B4E0889878A1C3BD6EB34A0 /* AdaptiveDifficultyTests.swift */ = {isa = PBXFileReference; lastKnownFileType = sourcecode.swift; path = AdaptiveDifficultyTests.swift; sourceTree = "<group>"; };
		7E1A1CBE43810DC34FC4B673 /* GameEngine.swift */ = {isa = PBXFileReference; lastKnownFileType = sourcecode.swift; path = GameEngine.swift; sourceTree = "<group>"; };
		7EBB010BD99DDE3C0198AA6E /* NeighborQuotes.swift */ = {isa = PBXFileReference; lastKnownFileType = sourcecode.swift; path = NeighborQuotes.swift; sourceTree = "<group>"; };
		85D415FD94C7117BD37D9550 /* Mark.swift */ = {isa = PBXFileReference; lastKnownFileType = sourcecode.swift; path = Mark.swift; sourceTree = "<group>"; };
		9D6AC76F537734563C94355C /* AIPlayer.swift */ = {isa = PBXFileReference; lastKnownFileType = sourcecode.swift; path = AIPlayer.swift; sourceTree = "<group>"; };
		A5395604C4C610FC40AF4B77 /* GameController.swift */ = {isa = PBXFileReference; lastKnownFileType = sourcecode.swift; path = GameController.swift; sourceTree = "<group>"; };
		A76B40659468440F8E88D1D9 /* GameEngineTests.swift */ = {isa = PBXFileReference; lastKnownFileType = sourcecode.swift; path = GameEngineTests.swift; sourceTree = "<group>"; };
		AAF6CCEF738CE17013BE9C3A /* neighbor_loss_2.wav */ = {isa = PBXFileReference; lastKnownFileType = audio.wav; path = neighbor_loss_2.wav; sourceTree = "<group>"; };
		BA2C771B7FDCBD28AC97D64B /* SoundManager.swift */ = {isa = PBXFileReference; lastKnownFileType = sourcecode.swift; path = SoundManager.swift; sourceTree = "<group>"; };
		BDFB9FC4EC58590329F9F07D /* XOTests.swift */ = {isa = PBXFileReference; lastKnownFileType = sourcecode.swift; path = XOTests.swift; sourceTree = "<group>"; };
		C72F1AF0C5167BCFD382DB7D /* Assets.xcassets */ = {isa = PBXFileReference; lastKnownFileType = folder.assetcatalog; path = Assets.xcassets; sourceTree = "<group>"; };
		CAC2225CFCB315112139CE23 /* AdaptiveDifficulty.swift */ = {isa = PBXFileReference; lastKnownFileType = sourcecode.swift; path = AdaptiveDifficulty.swift; sourceTree = "<group>"; };
		D84DDF28E6E6373141B21BF2 /* place.wav */ = {isa = PBXFileReference; lastKnownFileType = audio.wav; path = place.wav; sourceTree = "<group>"; };
		E9F8DB6656A86FB5A4452A88 /* Cell.swift */ = {isa = PBXFileReference; lastKnownFileType = sourcecode.swift; path = Cell.swift; sourceTree = "<group>"; };
		F5B707A365702F0C0AA4AABE /* WinChecker.swift */ = {isa = PBXFileReference; lastKnownFileType = sourcecode.swift; path = WinChecker.swift; sourceTree = "<group>"; };
/* End PBXFileReference section */

/* Begin PBXGroup section */
		1D23FF024ED0A62A29DCC015 /* Models */ = {
			isa = PBXGroup;
			children = (
				E9F8DB6656A86FB5A4452A88 /* Cell.swift */,
				623B33E51A275E5A808EBB9E /* GameSettings.swift */,
				85D415FD94C7117BD37D9550 /* Mark.swift */,
			);
			path = Models;
			sourceTree = "<group>";
		};
		29494F1E414BBDC9C277A408 /* Products */ = {
			isa = PBXGroup;
			children = (
				483AB6EAD73515789D7648BF /* XO.app */,
				68DBBDF76611B37202BB4F57 /* XOTests.xctest */,
			);
			name = Products;
			sourceTree = "<group>";
		};
		37E112D55918683CD0611745 = {
			isa = PBXGroup;
			children = (
				D439E879EB4E9D094AD1B614 /* XO */,
				B38A2047B56E5DC5F8F749C3 /* XOTests */,
				29494F1E414BBDC9C277A408 /* Products */,
			);
			sourceTree = "<group>";
		};
		92433509D9D67230F7573EFC /* Engine */ = {
			isa = PBXGroup;
			children = (
				7E1A1CBE43810DC34FC4B673 /* GameEngine.swift */,
				F5B707A365702F0C0AA4AABE /* WinChecker.swift */,
			);
			path = Engine;
			sourceTree = "<group>";
		};
		A2416DEBDFB399F6D2C69CAB /* ViewModels */ = {
			isa = PBXGroup;
			children = (
				A5395604C4C610FC40AF4B77 /* GameController.swift */,
			);
			path = ViewModels;
			sourceTree = "<group>";
		};
		A4B13D8AD4464D97E9B68138 /* Personality */ = {
			isa = PBXGroup;
			children = (
				7EBB010BD99DDE3C0198AA6E /* NeighborQuotes.swift */,
				BA2C771B7FDCBD28AC97D64B /* SoundManager.swift */,
			);
			path = Personality;
			sourceTree = "<group>";
		};
		A7FBFD289DA0D83FB5999204 /* AI */ = {
			isa = PBXGroup;
			children = (
				CAC2225CFCB315112139CE23 /* AdaptiveDifficulty.swift */,
				9D6AC76F537734563C94355C /* AIPlayer.swift */,
			);
			path = AI;
			sourceTree = "<group>";
		};
		B38A2047B56E5DC5F8F749C3 /* XOTests */ = {
			isa = PBXGroup;
			children = (
				7B4E0889878A1C3BD6EB34A0 /* AdaptiveDifficultyTests.swift */,
				218F43BEE4F064BFA48BFDE2 /* AIPlayerTests.swift */,
				A76B40659468440F8E88D1D9 /* GameEngineTests.swift */,
				43C3B1C39D49EFF422FB3368 /* WinCheckerTests.swift */,
				BDFB9FC4EC58590329F9F07D /* XOTests.swift */,
			);
			path = XOTests;
			sourceTree = "<group>";
		};
		D439E879EB4E9D094AD1B614 /* XO */ = {
			isa = PBXGroup;
			children = (
				447E38A4D1701E0FB2F067AB /* XOApp.swift */,
				A7FBFD289DA0D83FB5999204 /* AI */,
				92433509D9D67230F7573EFC /* Engine */,
				1D23FF024ED0A62A29DCC015 /* Models */,
				A4B13D8AD4464D97E9B68138 /* Personality */,
				DADF71C910D39F01435465A1 /* Resources */,
				A2416DEBDFB399F6D2C69CAB /* ViewModels */,
			);
			path = XO;
			sourceTree = "<group>";
		};
		DADF71C910D39F01435465A1 /* Resources */ = {
			isa = PBXGroup;
			children = (
				C72F1AF0C5167BCFD382DB7D /* Assets.xcassets */,
				63FA3059405EA6494C270703 /* neighbor_loss_1.wav */,
				AAF6CCEF738CE17013BE9C3A /* neighbor_loss_2.wav */,
				1CC1C1A0E3B574158A243327 /* neighbor_loss_3.wav */,
				D84DDF28E6E6373141B21BF2 /* place.wav */,
			);
			path = Resources;
			sourceTree = "<group>";
		};
/* End PBXGroup section */

/* Begin PBXNativeTarget section */
		84ADD6954EC833A9A52262AD /* XOTests */ = {
			isa = PBXNativeTarget;
			buildConfigurationList = 9699F4F38F28146819F0BD07 /* Build configuration list for PBXNativeTarget "XOTests" */;
			buildPhases = (
				2B3CC80D80BE3ADBEE38A1CF /* Sources */,
			);
			buildRules = (
			);
			dependencies = (
				1A50D16B17D7EAC000838F97 /* PBXTargetDependency */,
			);
			name = XOTests;
			packageProductDependencies = (
			);
			productName = XOTests;
			productReference = 68DBBDF76611B37202BB4F57 /* XOTests.xctest */;
			productType = "com.apple.product-type.bundle.unit-test";
		};
		D94AB1E726E003461712B801 /* XO */ = {
			isa = PBXNativeTarget;
			buildConfigurationList = 64601561F6C73C5D6615435A /* Build configuration list for PBXNativeTarget "XO" */;
			buildPhases = (
				05B710D234917364C191B507 /* Sources */,
				2313D7E477CC5D8988F426F8 /* Resources */,
			);
			buildRules = (
			);
			dependencies = (
			);
			name = XO;
			packageProductDependencies = (
			);
			productName = XO;
			productReference = 483AB6EAD73515789D7648BF /* XO.app */;
			productType = "com.apple.product-type.application";
		};
/* End PBXNativeTarget section */

/* Begin PBXProject section */
		35B9CB12FDB1B5E02986CA63 /* Project object */ = {
			isa = PBXProject;
			attributes = {
				BuildIndependentTargetsInParallel = YES;
				LastUpgradeCheck = 1430;
				TargetAttributes = {
				};
			};
			buildConfigurationList = 5D1BB1165FF30B818709FA37 /* Build configuration list for PBXProject "XO" */;
			developmentRegion = en;
			hasScannedForEncodings = 0;
			knownRegions = (
				Base,
				en,
			);
			mainGroup = 37E112D55918683CD0611745;
			minimizedProjectReferenceProxies = 1;
			preferredProjectObjectVersion = 77;
			productRefGroup = 29494F1E414BBDC9C277A408 /* Products */;
			projectDirPath = "";
			projectRoot = "";
			targets = (
				D94AB1E726E003461712B801 /* XO */,
				84ADD6954EC833A9A52262AD /* XOTests */,
			);
		};
/* End PBXProject section */

/* Begin PBXResourcesBuildPhase section */
		2313D7E477CC5D8988F426F8 /* Resources */ = {
			isa = PBXResourcesBuildPhase;
			buildActionMask = 2147483647;
			files = (
				A068E16F56AD66DC7E10AEB5 /* Assets.xcassets in Resources */,
				16C199423DE0CF4697D13DF2 /* neighbor_loss_1.wav in Resources */,
				8489EC34B575217B5A607167 /* neighbor_loss_2.wav in Resources */,
				D0B90B44F9ABC9193234AC2C /* neighbor_loss_3.wav in Resources */,
				88307CCB803CAFDEAF473717 /* place.wav in Resources */,
			);
			runOnlyForDeploymentPostprocessing = 0;
		};
/* End PBXResourcesBuildPhase section */

/* Begin PBXSourcesBuildPhase section */
		05B710D234917364C191B507 /* Sources */ = {
			isa = PBXSourcesBuildPhase;
			buildActionMask = 2147483647;
			files = (
				76FE18E6182BD09130F1AA69 /* AIPlayer.swift in Sources */,
				727E5FC52FEC0168AAE124E6 /* AdaptiveDifficulty.swift in Sources */,
				DD88585EBD868D7D93B7D896 /* Cell.swift in Sources */,
				5DD54AE8E1910DC321207529 /* GameController.swift in Sources */,
				1FB3C44CDF850871F4C3DC7B /* GameEngine.swift in Sources */,
				79A7FC042FF2040C0496E632 /* GameSettings.swift in Sources */,
				546EBB507065C480B7BF0E89 /* Mark.swift in Sources */,
				1E08C52FECAF048A133086E5 /* NeighborQuotes.swift in Sources */,
				94AD31BB68BFE3169B245C59 /* SoundManager.swift in Sources */,
				C741DDBD93C43AA86634BF9C /* WinChecker.swift in Sources */,
				8BC27882F2A819217D167114 /* XOApp.swift in Sources */,
			);
			runOnlyForDeploymentPostprocessing = 0;
		};
		2B3CC80D80BE3ADBEE38A1CF /* Sources */ = {
			isa = PBXSourcesBuildPhase;
			buildActionMask = 2147483647;
			files = (
				04F13194AD1A9E19D74DB5AF /* AIPlayerTests.swift in Sources */,
				6F6708C3E8FA0B93ED9FFA15 /* AdaptiveDifficultyTests.swift in Sources */,
				9E317C01D6995400D1AD0977 /* GameEngineTests.swift in Sources */,
				EA8A7C134EAD275BB9A5B7C5 /* WinCheckerTests.swift in Sources */,
				8540275BC6FFE9D6CF4F99A1 /* XOTests.swift in Sources */,
			);
			runOnlyForDeploymentPostprocessing = 0;
		};
/* End PBXSourcesBuildPhase section */

/* Begin PBXTargetDependency section */
		1A50D16B17D7EAC000838F97 /* PBXTargetDependency */ = {
			isa = PBXTargetDependency;
			target = D94AB1E726E003461712B801 /* XO */;
			targetProxy = 46A9A6BE5270D0A38929A378 /* PBXContainerItemProxy */;
		};
/* End PBXTargetDependency section */

/* Begin XCBuildConfiguration section */
		1464D10EBC23DA425B3A1301 /* Debug */ = {
			isa = XCBuildConfiguration;
			buildSettings = {
				ASSETCATALOG_COMPILER_APPICON_NAME = AppIcon;
				CODE_SIGN_IDENTITY = "iPhone Developer";
				ENABLE_PREVIEWS = YES;
				GENERATE_INFOPLIST_FILE = YES;
				INFOPLIST_KEY_UIApplicationSceneManifest_Generation = YES;
				INFOPLIST_KEY_UILaunchScreen_Generation = YES;
				IPHONEOS_DEPLOYMENT_TARGET = 17.0;
				LD_RUNPATH_SEARCH_PATHS = (
					"$(inherited)",
					"@executable_path/Frameworks",
				);
				PRODUCT_BUNDLE_IDENTIFIER = com.xo.game;
				PRODUCT_NAME = XO;
				SDKROOT = iphoneos;
				SWIFT_EMIT_LOC_STRINGS = YES;
				TARGETED_DEVICE_FAMILY = "1,2";
			};
			name = Debug;
		};
		4EE7662CF2F438CCA849F12B /* Release */ = {
			isa = XCBuildConfiguration;
			buildSettings = {
				ALWAYS_SEARCH_USER_PATHS = NO;
				CLANG_ANALYZER_NONNULL = YES;
				CLANG_ANALYZER_NUMBER_OBJECT_CONVERSION = YES_AGGRESSIVE;
				CLANG_CXX_LANGUAGE_STANDARD = "gnu++14";
				CLANG_CXX_LIBRARY = "libc++";
				CLANG_ENABLE_MODULES = YES;
				CLANG_ENABLE_OBJC_ARC = YES;
				CLANG_ENABLE_OBJC_WEAK = YES;
				CLANG_WARN_BLOCK_CAPTURE_AUTORELEASING = YES;
				CLANG_WARN_BOOL_CONVERSION = YES;
				CLANG_WARN_COMMA = YES;
				CLANG_WARN_CONSTANT_CONVERSION = YES;
				CLANG_WARN_DEPRECATED_OBJC_IMPLEMENTATIONS = YES;
				CLANG_WARN_DIRECT_OBJC_ISA_USAGE = YES_ERROR;
				CLANG_WARN_DOCUMENTATION_COMMENTS = YES;
				CLANG_WARN_EMPTY_BODY = YES;
				CLANG_WARN_ENUM_CONVERSION = YES;
				CLANG_WARN_INFINITE_RECURSION = YES;
				CLANG_WARN_INT_CONVERSION = YES;
				CLANG_WARN_NON_LITERAL_NULL_CONVERSION = YES;
				CLANG_WARN_OBJC_IMPLICIT_RETAIN_SELF = YES;
				CLANG_WARN_OBJC_LITERAL_CONVERSION = YES;
				CLANG_WARN_OBJC_ROOT_CLASS = YES_ERROR;
				CLANG_WARN_QUOTED_INCLUDE_IN_FRAMEWORK_HEADER = YES;
				CLANG_WARN_RANGE_LOOP_ANALYSIS = YES;
				CLANG_WARN_STRICT_PROTOTYPES = YES;
				CLANG_WARN_SUSPICIOUS_MOVE = YES;
				CLANG_WARN_UNGUARDED_AVAILABILITY = YES_AGGRESSIVE;
				CLANG_WARN_UNREACHABLE_CODE = YES;
				CLANG_WARN__DUPLICATE_METHOD_MATCH = YES;
				COPY_PHASE_STRIP = NO;
				DEBUG_INFORMATION_FORMAT = "dwarf-with-dsym";
				ENABLE_NS_ASSERTIONS = NO;
				ENABLE_STRICT_OBJC_MSGSEND = YES;
				GCC_C_LANGUAGE_STANDARD = gnu11;
				GCC_NO_COMMON_BLOCKS = YES;
				GCC_WARN_64_TO_32_BIT_CONVERSION = YES;
				GCC_WARN_ABOUT_RETURN_TYPE = YES_ERROR;
				GCC_WARN_UNDECLARED_SELECTOR = YES;
				GCC_WARN_UNINITIALIZED_AUTOS = YES_AGGRESSIVE;
				GCC_WARN_UNUSED_FUNCTION = YES;
				GCC_WARN_UNUSED_VARIABLE = YES;
				IPHONEOS_DEPLOYMENT_TARGET = 17.0;
				MTL_ENABLE_DEBUG_INFO = NO;
				MTL_FAST_MATH = YES;
				PRODUCT_NAME = "$(TARGET_NAME)";
				SDKROOT = iphoneos;
				SWIFT_COMPILATION_MODE = wholemodule;
				SWIFT_OPTIMIZATION_LEVEL = "-O";
				SWIFT_VERSION = 5.0;
			};
			name = Release;
		};
		70ECDD9BB962EF126B805BAA /* Release */ = {
			isa = XCBuildConfiguration;
			buildSettings = {
				ASSETCATALOG_COMPILER_APPICON_NAME = AppIcon;
				CODE_SIGN_IDENTITY = "iPhone Developer";
				ENABLE_PREVIEWS = YES;
				GENERATE_INFOPLIST_FILE = YES;
				INFOPLIST_KEY_UIApplicationSceneManifest_Generation = YES;
				INFOPLIST_KEY_UILaunchScreen_Generation = YES;
				IPHONEOS_DEPLOYMENT_TARGET = 17.0;
				LD_RUNPATH_SEARCH_PATHS = (
					"$(inherited)",
					"@executable_path/Frameworks",
				);
				PRODUCT_BUNDLE_IDENTIFIER = com.xo.game;
				PRODUCT_NAME = XO;
				SDKROOT = iphoneos;
				SWIFT_EMIT_LOC_STRINGS = YES;
				TARGETED_DEVICE_FAMILY = "1,2";
			};
			name = Release;
		};
		7817212462A19A6D51737620 /* Debug */ = {
			isa = XCBuildConfiguration;
			buildSettings = {
				BUNDLE_LOADER = "$(TEST_HOST)";
				GENERATE_INFOPLIST_FILE = YES;
				IPHONEOS_DEPLOYMENT_TARGET = 17.0;
				LD_RUNPATH_SEARCH_PATHS = (
					"$(inherited)",
					"@executable_path/Frameworks",
					"@loader_path/Frameworks",
				);
				PRODUCT_BUNDLE_IDENTIFIER = com.xo.game.XOTests;
				SDKROOT = iphoneos;
				TARGETED_DEVICE_FAMILY = "1,2";
				TEST_HOST = "$(BUILT_PRODUCTS_DIR)/XO.app/$(BUNDLE_EXECUTABLE_FOLDER_PATH)/XO";
			};
			name = Debug;
		};
		814029B2FA3E2986A2795BAD /* Release */ = {
			isa = XCBuildConfiguration;
			buildSettings = {
				BUNDLE_LOADER = "$(TEST_HOST)";
				GENERATE_INFOPLIST_FILE = YES;
				IPHONEOS_DEPLOYMENT_TARGET = 17.0;
				LD_RUNPATH_SEARCH_PATHS = (
					"$(inherited)",
					"@executable_path/Frameworks",
					"@loader_path/Frameworks",
				);
				PRODUCT_BUNDLE_IDENTIFIER = com.xo.game.XOTests;
				SDKROOT = iphoneos;
				TARGETED_DEVICE_FAMILY = "1,2";
				TEST_HOST = "$(BUILT_PRODUCTS_DIR)/XO.app/$(BUNDLE_EXECUTABLE_FOLDER_PATH)/XO";
			};
			name = Release;
		};
		B68FEC83826E44E74AC36917 /* Debug */ = {
			isa = XCBuildConfiguration;
			buildSettings = {
				ALWAYS_SEARCH_USER_PATHS = NO;
				CLANG_ANALYZER_NONNULL = YES;
				CLANG_ANALYZER_NUMBER_OBJECT_CONVERSION = YES_AGGRESSIVE;
				CLANG_CXX_LANGUAGE_STANDARD = "gnu++14";
				CLANG_CXX_LIBRARY = "libc++";
				CLANG_ENABLE_MODULES = YES;
				CLANG_ENABLE_OBJC_ARC = YES;
				CLANG_ENABLE_OBJC_WEAK = YES;
				CLANG_WARN_BLOCK_CAPTURE_AUTORELEASING = YES;
				CLANG_WARN_BOOL_CONVERSION = YES;
				CLANG_WARN_COMMA = YES;
				CLANG_WARN_CONSTANT_CONVERSION = YES;
				CLANG_WARN_DEPRECATED_OBJC_IMPLEMENTATIONS = YES;
				CLANG_WARN_DIRECT_OBJC_ISA_USAGE = YES_ERROR;
				CLANG_WARN_DOCUMENTATION_COMMENTS = YES;
				CLANG_WARN_EMPTY_BODY = YES;
				CLANG_WARN_ENUM_CONVERSION = YES;
				CLANG_WARN_INFINITE_RECURSION = YES;
				CLANG_WARN_INT_CONVERSION = YES;
				CLANG_WARN_NON_LITERAL_NULL_CONVERSION = YES;
				CLANG_WARN_OBJC_IMPLICIT_RETAIN_SELF = YES;
				CLANG_WARN_OBJC_LITERAL_CONVERSION = YES;
				CLANG_WARN_OBJC_ROOT_CLASS = YES_ERROR;
				CLANG_WARN_QUOTED_INCLUDE_IN_FRAMEWORK_HEADER = YES;
				CLANG_WARN_RANGE_LOOP_ANALYSIS = YES;
				CLANG_WARN_STRICT_PROTOTYPES = YES;
				CLANG_WARN_SUSPICIOUS_MOVE = YES;
				CLANG_WARN_UNGUARDED_AVAILABILITY = YES_AGGRESSIVE;
				CLANG_WARN_UNREACHABLE_CODE = YES;
				CLANG_WARN__DUPLICATE_METHOD_MATCH = YES;
				COPY_PHASE_STRIP = NO;
				DEBUG_INFORMATION_FORMAT = dwarf;
				ENABLE_STRICT_OBJC_MSGSEND = YES;
				ENABLE_TESTABILITY = YES;
				GCC_C_LANGUAGE_STANDARD = gnu11;
				GCC_DYNAMIC_NO_PIC = NO;
				GCC_NO_COMMON_BLOCKS = YES;
				GCC_OPTIMIZATION_LEVEL = 0;
				GCC_PREPROCESSOR_DEFINITIONS = (
					"$(inherited)",
					"DEBUG=1",
				);
				GCC_WARN_64_TO_32_BIT_CONVERSION = YES;
				GCC_WARN_ABOUT_RETURN_TYPE = YES_ERROR;
				GCC_WARN_UNDECLARED_SELECTOR = YES;
				GCC_WARN_UNINITIALIZED_AUTOS = YES_AGGRESSIVE;
				GCC_WARN_UNUSED_FUNCTION = YES;
				GCC_WARN_UNUSED_VARIABLE = YES;
				IPHONEOS_DEPLOYMENT_TARGET = 17.0;
				MTL_ENABLE_DEBUG_INFO = INCLUDE_SOURCE;
				MTL_FAST_MATH = YES;
				ONLY_ACTIVE_ARCH = YES;
				PRODUCT_NAME = "$(TARGET_NAME)";
				SDKROOT = iphoneos;
				SWIFT_ACTIVE_COMPILATION_CONDITIONS = DEBUG;
				SWIFT_OPTIMIZATION_LEVEL = "-Onone";
				SWIFT_VERSION = 5.0;
			};
			name = Debug;
		};
/* End XCBuildConfiguration section */

/* Begin XCConfigurationList section */
		5D1BB1165FF30B818709FA37 /* Build configuration list for PBXProject "XO" */ = {
			isa = XCConfigurationList;
			buildConfigurations = (
				B68FEC83826E44E74AC36917 /* Debug */,
				4EE7662CF2F438CCA849F12B /* Release */,
			);
			defaultConfigurationIsVisible = 0;
			defaultConfigurationName = Debug;
		};
		64601561F6C73C5D6615435A /* Build configuration list for PBXNativeTarget "XO" */ = {
			isa = XCConfigurationList;
			buildConfigurations = (
				1464D10EBC23DA425B3A1301 /* Debug */,
				70ECDD9BB962EF126B805BAA /* Release */,
			);
			defaultConfigurationIsVisible = 0;
			defaultConfigurationName = Debug;
		};
		9699F4F38F28146819F0BD07 /* Build configuration list for PBXNativeTarget "XOTests" */ = {
			isa = XCConfigurationList;
			buildConfigurations = (
				7817212462A19A6D51737620 /* Debug */,
				814029B2FA3E2986A2795BAD /* Release */,
			);
			defaultConfigurationIsVisible = 0;
			defaultConfigurationName = Debug;
		};
/* End XCConfigurationList section */
	};
	rootObject = 35B9CB12FDB1B5E02986CA63 /* Project object */;
}
